
Microsoft Visual Studio Solution File, Format Version 12.00
# Visual Studio 2012
Project("{FAE04EC0-301F-11D3-BF4B-00C04F79EFBC}") = "WhisperingAudioMusicEngine", "WhisperingAudioMusicEngine\WhisperingAudioMusicEngine.csproj", "{1219E245-0E8D-4B2A-9A44-096D8F782BBF}"
EndProject
Global
	GlobalSection(SolutionConfigurationPlatforms) = preSolution
		Debug|Any CPU = Debug|Any CPU
		Release|Any CPU = Release|Any CPU
	EndGlobalSection
	GlobalSection(ProjectConfigurationPlatforms) = postSolution
		{1219E245-0E8D-4B2A-9A44-096D8F782BBF}.Debug|Any CPU.ActiveCfg = Debug|Any CPU
		{1219E245-0E8D-4B2A-9A44-096D8F782BBF}.Debug|Any CPU.Build.0 = Debug|Any CPU
		{1219E245-0E8D-4B2A-9A44-096D8F782BBF}.Release|Any CPU.ActiveCfg = Release|Any CPU
		{1219E245-0E8D-4B2A-9A44-096D8F782BBF}.Release|Any CPU.Build.0 = Release|Any CPU
	EndGlobalSection
	GlobalSection(SolutionProperties) = preSolution
		HideSolutionNode = FALSE
	EndGlobalSection
EndGlobal
